
Microsoft Visual Studio Solution File, Format Version 11.00
# Visual Studio 2010
Project("{FAE04EC0-301F-11D3-BF4B-00C04F79EFBC}") = "ZhuiYue", "Assembly-CSharp-firstpass.csproj", "{4FD77BB4-ACEB-2B43-5DD8-159C7A418848}"
EndProject
Project("{FAE04EC0-301F-11D3-BF4B-00C04F79EFBC}") = "ZhuiYue", "Assembly-CSharp.csproj", "{337B4652-90B3-9D9D-B059-1CF5A9804D6A}"
EndProject
Project("{FAE04EC0-301F-11D3-BF4B-00C04F79EFBC}") = "ZhuiYue", "Assembly-CSharp-Editor.csproj", "{0F8556CF-4423-A47C-C510-EAA74B513922}"
EndProject
Global
	GlobalSection(SolutionConfigurationPlatforms) = preSolution
		Debug|Any CPU = Debug|Any CPU
		Release|Any CPU = Release|Any CPU
	EndGlobalSection
	GlobalSection(ProjectConfigurationPlatforms) = postSolution
		{4FD77BB4-ACEB-2B43-5DD8-159C7A418848}.Debug|Any CPU.ActiveCfg = Debug|Any CPU
		{4FD77BB4-ACEB-2B43-5DD8-159C7A418848}.Debug|Any CPU.Build.0 = Debug|Any CPU
		{4FD77BB4-ACEB-2B43-5DD8-159C7A418848}.Release|Any CPU.ActiveCfg = Release|Any CPU
		{4FD77BB4-ACEB-2B43-5DD8-159C7A418848}.Release|Any CPU.Build.0 = Release|Any CPU
		{337B4652-90B3-9D9D-B059-1CF5A9804D6A}.Debug|Any CPU.ActiveCfg = Debug|Any CPU
		{337B4652-90B3-9D9D-B059-1CF5A9804D6A}.Debug|Any CPU.Build.0 = Debug|Any CPU
		{337B4652-90B3-9D9D-B059-1CF5A9804D6A}.Release|Any CPU.ActiveCfg = Release|Any CPU
		{337B4652-90B3-9D9D-B059-1CF5A9804D6A}.Release|Any CPU.Build.0 = Release|Any CPU
		{0F8556CF-4423-A47C-C510-EAA74B513922}.Debug|Any CPU.ActiveCfg = Debug|Any CPU
		{0F8556CF-4423-A47C-C510-EAA74B513922}.Debug|Any CPU.Build.0 = Debug|Any CPU
		{0F8556CF-4423-A47C-C510-EAA74B513922}.Release|Any CPU.ActiveCfg = Release|Any CPU
		{0F8556CF-4423-A47C-C510-EAA74B513922}.Release|Any CPU.Build.0 = Release|Any CPU
	EndGlobalSection
	GlobalSection(SolutionProperties) = preSolution
		HideSolutionNode = FALSE
	EndGlobalSection
	GlobalSection(MonoDevelopProperties) = preSolution
		StartupItem = Assembly-CSharp.csproj
	EndGlobalSection
EndGlobal
